
Microsoft Visual Studio Solution File, Format Version 11.00
# Visual Studio 2010
Project("{FAE04EC0-301F-11D3-BF4B-00C04F79EFBC}") = "Assembly-CSharp-firstpass", "Assembly-CSharp-firstpass.csproj", "{13D37789-936F-4DEA-F00B-5CEF9526A229}"
EndProject
Project("{FAE04EC0-301F-11D3-BF4B-00C04F79EFBC}") = "Assembly-CSharp", "Assembly-CSharp.csproj", "{66D6471A-C8AA-71C5-02C5-EF91A3934319}"
EndProject
Global
	GlobalSection(SolutionConfigurationPlatforms) = preSolution
		Debug|Any CPU = Debug|Any CPU
		Release|Any CPU = Release|Any CPU
	EndGlobalSection
	GlobalSection(ProjectConfigurationPlatforms) = postSolution
		{13D37789-936F-4DEA-F00B-5CEF9526A229}.Debug|Any CPU.ActiveCfg = Debug|Any CPU
		{13D37789-936F-4DEA-F00B-5CEF9526A229}.Debug|Any CPU.Build.0 = Debug|Any CPU
		{13D37789-936F-4DEA-F00B-5CEF9526A229}.Release|Any CPU.ActiveCfg = Release|Any CPU
		{13D37789-936F-4DEA-F00B-5CEF9526A229}.Release|Any CPU.Build.0 = Release|Any CPU
		{66D6471A-C8AA-71C5-02C5-EF91A3934319}.Debug|Any CPU.ActiveCfg = Debug|Any CPU
		{66D6471A-C8AA-71C5-02C5-EF91A3934319}.Debug|Any CPU.Build.0 = Debug|Any CPU
		{66D6471A-C8AA-71C5-02C5-EF91A3934319}.Release|Any CPU.ActiveCfg = Release|Any CPU
		{66D6471A-C8AA-71C5-02C5-EF91A3934319}.Release|Any CPU.Build.0 = Release|Any CPU
	EndGlobalSection
	GlobalSection(SolutionProperties) = preSolution
		HideSolutionNode = FALSE
	EndGlobalSection
EndGlobal
